// !$*UTF8*$!
{
	archiveVersion = 1;
	classes = {
	};
	objectVersion = 46;
	objects = {

/* Begin PBXBuildFile section */
		3D1157FE1C456919009A232B /* main.m in Sources */ = {isa = PBXBuildFile; fileRef = 3D1157FD1C456919009A232B /* main.m */; };
		3D1158011C456919009A232B /* AppDelegate.m in Sources */ = {isa = PBXBuildFile; fileRef = 3D1158001C456919009A232B /* AppDelegate.m */; };
		3D1158041C456919009A232B /* ViewController.m in Sources */ = {isa = PBXBuildFile; fileRef = 3D1158031C456919009A232B /* ViewController.m */; };
		3D1158071C456919009A232B /* Main.storyboard in Resources */ = {isa = PBXBuildFile; fileRef = 3D1158051C456919009A232B /* Main.storyboard */; };
		3D1158091C456919009A232B /* Assets.xcassets in Resources */ = {isa = PBXBuildFile; fileRef = 3D1158081C456919009A232B /* Assets.xcassets */; };
		3D11580C1C456919009A232B /* LaunchScreen.storyboard in Resources */ = {isa = PBXBuildFile; fileRef = 3D11580A1C456919009A232B /* LaunchScreen.storyboard */; };
		3D1158141C45C073009A232B /* WebKit.framework in Frameworks */ = {isa = PBXBuildFile; fileRef = 3D1158131C45C073009A232B /* WebKit.framework */; };
		3D928F0E1C48021800611982 /* Info.plist in Resources */ = {isa = PBXBuildFile; fileRef = 3D928EF41C48021800611982 /* Info.plist */; };
		3D928F0F1C48021800611982 /* JSONModel.m in Sources */ = {isa = PBXBuildFile; fileRef = 3D928EF71C48021800611982 /* JSONModel.m */; };
		3D928F101C48021800611982 /* JSONModelArray.m in Sources */ = {isa = PBXBuildFile; fileRef = 3D928EF91C48021800611982 /* JSONModelArray.m */; };
		3D928F111C48021800611982 /* JSONModelClassProperty.m in Sources */ = {isa = PBXBuildFile; fileRef = 3D928EFB1C48021800611982 /* JSONModelClassProperty.m */; };
		3D928F121C48021800611982 /* JSONModelError.m in Sources */ = {isa = PBXBuildFile; fileRef = 3D928EFD1C48021800611982 /* JSONModelError.m */; };
		3D928F131C48021800611982 /* NSArray+JSONModel.m in Sources */ = {isa = PBXBuildFile; fileRef = 3D928F001C48021800611982 /* NSArray+JSONModel.m */; };
		3D928F141C48021800611982 /* JSONAPI.m in Sources */ = {isa = PBXBuildFile; fileRef = 3D928F041C48021800611982 /* JSONAPI.m */; };
		3D928F151C48021800611982 /* JSONHTTPClient.m in Sources */ = {isa = PBXBuildFile; fileRef = 3D928F061C48021800611982 /* JSONHTTPClient.m */; };
		3D928F161C48021800611982 /* JSONModel+networking.m in Sources */ = {isa = PBXBuildFile; fileRef = 3D928F081C48021800611982 /* JSONModel+networking.m */; };
		3D928F171C48021800611982 /* JSONKeyMapper.m in Sources */ = {isa = PBXBuildFile; fileRef = 3D928F0B1C48021800611982 /* JSONKeyMapper.m */; };
		3D928F181C48021800611982 /* JSONValueTransformer.m in Sources */ = {isa = PBXBuildFile; fileRef = 3D928F0D1C48021800611982 /* JSONValueTransformer.m */; };
		3D928F1A1C48022700611982 /* SystemConfiguration.framework in Frameworks */ = {isa = PBXBuildFile; fileRef = 3D928F191C48022700611982 /* SystemConfiguration.framework */; };
		3D928F1E1C4808AF00611982 /* CrearVenta.m in Sources */ = {isa = PBXBuildFile; fileRef = 3D928F1D1C4808AF00611982 /* CrearVenta.m */; };
		3DE37F9A1C9C523E00C28031 /* k-popup-dismiss-button@2x.png in Resources */ = {isa = PBXBuildFile; fileRef = 3DE37F921C9C523E00C28031 /* k-popup-dismiss-button@2x.png */; };
		3DE37F9B1C9C523E00C28031 /* k-popup-dismiss-button@3x.png in Resources */ = {isa = PBXBuildFile; fileRef = 3DE37F931C9C523E00C28031 /* k-popup-dismiss-button@3x.png */; };
		3DE37F9C1C9C523E00C28031 /* BIZPopupViewController.m in Sources */ = {isa = PBXBuildFile; fileRef = 3DE37F961C9C523E00C28031 /* BIZPopupViewController.m */; };
		3DE37F9D1C9C523E00C28031 /* UIViewController+BIZChildViewController.m in Sources */ = {isa = PBXBuildFile; fileRef = 3DE37F991C9C523E00C28031 /* UIViewController+BIZChildViewController.m */; };
		3DE37FA71C9C526800C28031 /* TPKeyboardAvoidingCollectionView.m in Sources */ = {isa = PBXBuildFile; fileRef = 3DE37FA01C9C526800C28031 /* TPKeyboardAvoidingCollectionView.m */; };
		3DE37FA81C9C526800C28031 /* TPKeyboardAvoidingScrollView.m in Sources */ = {isa = PBXBuildFile; fileRef = 3DE37FA21C9C526800C28031 /* TPKeyboardAvoidingScrollView.m */; };
		3DE37FA91C9C526800C28031 /* TPKeyboardAvoidingTableView.m in Sources */ = {isa = PBXBuildFile; fileRef = 3DE37FA41C9C526800C28031 /* TPKeyboardAvoidingTableView.m */; };
		3DE37FAA1C9C526800C28031 /* UIScrollView+TPKeyboardAvoidingAdditions.m in Sources */ = {isa = PBXBuildFile; fileRef = 3DE37FA61C9C526800C28031 /* UIScrollView+TPKeyboardAvoidingAdditions.m */; };
/* End PBXBuildFile section */

/* Begin PBXFileReference section */
		3D1157F91C456919009A232B /* Culqi-PruebaMovil.app */ = {isa = PBXFileReference; explicitFileType = wrapper.application; includeInIndex = 0; path = "Culqi-PruebaMovil.app"; sourceTree = BUILT_PRODUCTS_DIR; };
		3D1157FD1C456919009A232B /* main.m */ = {isa = PBXFileReference; lastKnownFileType = sourcecode.c.objc; path = main.m; sourceTree = "<group>"; };
		3D1157FF1C456919009A232B /* AppDelegate.h */ = {isa = PBXFileReference; lastKnownFileType = sourcecode.c.h; path = AppDelegate.h; sourceTree = "<group>"; };
		3D1158001C456919009A232B /* AppDelegate.m */ = {isa = PBXFileReference; lastKnownFileType = sourcecode.c.objc; path = AppDelegate.m; sourceTree = "<group>"; };
		3D1158021C456919009A232B /* ViewController.h */ = {isa = PBXFileReference; lastKnownFileType = sourcecode.c.h; path = ViewController.h; sourceTree = "<group>"; };
		3D1158031C456919009A232B /* ViewController.m */ = {isa = PBXFileReference; lastKnownFileType = sourcecode.c.objc; path = ViewController.m; sourceTree = "<group>"; };
		3D1158061C456919009A232B /* Base */ = {isa = PBXFileReference; lastKnownFileType = file.storyboard; name = Base; path = Base.lproj/Main.storyboard; sourceTree = "<group>"; };
		3D1158081C456919009A232B /* Assets.xcassets */ = {isa = PBXFileReference; lastKnownFileType = folder.assetcatalog; path = Assets.xcassets; sourceTree = "<group>"; };
		3D11580B1C456919009A232B /* Base */ = {isa = PBXFileReference; lastKnownFileType = file.storyboard; name = Base; path = Base.lproj/LaunchScreen.storyboard; sourceTree = "<group>"; };
		3D11580D1C456919009A232B /* Info.plist */ = {isa = PBXFileReference; lastKnownFileType = text.plist.xml; path = Info.plist; sourceTree = "<group>"; };
		3D1158131C45C073009A232B /* WebKit.framework */ = {isa = PBXFileReference; lastKnownFileType = wrapper.framework; name = WebKit.framework; path = System/Library/Frameworks/WebKit.framework; sourceTree = SDKROOT; };
		3D928EF41C48021800611982 /* Info.plist */ = {isa = PBXFileReference; fileEncoding = 4; lastKnownFileType = text.plist.xml; path = Info.plist; sourceTree = "<group>"; };
		3D928EF61C48021800611982 /* JSONModel.h */ = {isa = PBXFileReference; fileEncoding = 4; lastKnownFileType = sourcecode.c.h; path = JSONModel.h; sourceTree = "<group>"; };
		3D928EF71C48021800611982 /* JSONModel.m */ = {isa = PBXFileReference; fileEncoding = 4; lastKnownFileType = sourcecode.c.objc; path = JSONModel.m; sourceTree = "<group>"; };
		3D928EF81C48021800611982 /* JSONModelArray.h */ = {isa = PBXFileReference; fileEncoding = 4; lastKnownFileType = sourcecode.c.h; path = JSONModelArray.h; sourceTree = "<group>"; };
		3D928EF91C48021800611982 /* JSONModelArray.m */ = {isa = PBXFileReference; fileEncoding = 4; lastKnownFileType = sourcecode.c.objc; path = JSONModelArray.m; sourceTree = "<group>"; };
		3D928EFA1C48021800611982 /* JSONModelClassProperty.h */ = {isa = PBXFileReference; fileEncoding = 4; lastKnownFileType = sourcecode.c.h; path = JSONModelClassProperty.h; sourceTree = "<group>"; };
		3D928EFB1C48021800611982 /* JSONModelClassProperty.m */ = {isa = PBXFileReference; fileEncoding = 4; lastKnownFileType = sourcecode.c.objc; path = JSONModelClassProperty.m; sourceTree = "<group>"; };
		3D928EFC1C48021800611982 /* JSONModelError.h */ = {isa = PBXFileReference; fileEncoding = 4; lastKnownFileType = sourcecode.c.h; path = JSONModelError.h; sourceTree = "<group>"; };
		3D928EFD1C48021800611982 /* JSONModelError.m */ = {isa = PBXFileReference; fileEncoding = 4; lastKnownFileType = sourcecode.c.objc; path = JSONModelError.m; sourceTree = "<group>"; };
		3D928EFF1C48021800611982 /* NSArray+JSONModel.h */ = {isa = PBXFileReference; fileEncoding = 4; lastKnownFileType = sourcecode.c.h; path = "NSArray+JSONModel.h"; sourceTree = "<group>"; };
		3D928F001C48021800611982 /* NSArray+JSONModel.m */ = {isa = PBXFileReference; fileEncoding = 4; lastKnownFileType = sourcecode.c.objc; path = "NSArray+JSONModel.m"; sourceTree = "<group>"; };
		3D928F011C48021800611982 /* JSONModelLib.h */ = {isa = PBXFileReference; fileEncoding = 4; lastKnownFileType = sourcecode.c.h; path = JSONModelLib.h; sourceTree = "<group>"; };
		3D928F031C48021800611982 /* JSONAPI.h */ = {isa = PBXFileReference; fileEncoding = 4; lastKnownFileType = sourcecode.c.h; path = JSONAPI.h; sourceTree = "<group>"; };
		3D928F041C48021800611982 /* JSONAPI.m */ = {isa = PBXFileReference; fileEncoding = 4; lastKnownFileType = sourcecode.c.objc; path = JSONAPI.m; sourceTree = "<group>"; };
		3D928F051C48021800611982 /* JSONHTTPClient.h */ = {isa = PBXFileReference; fileEncoding = 4; lastKnownFileType = sourcecode.c.h; path = JSONHTTPClient.h; sourceTree = "<group>"; };
		3D928F061C48021800611982 /* JSONHTTPClient.m */ = {isa = PBXFileReference; fileEncoding = 4; lastKnownFileType = sourcecode.c.objc; path = JSONHTTPClient.m; sourceTree = "<group>"; };
		3D928F071C48021800611982 /* JSONModel+networking.h */ = {isa = PBXFileReference; fileEncoding = 4; lastKnownFileType = sourcecode.c.h; path = "JSONModel+networking.h"; sourceTree = "<group>"; };
		3D928F081C48021800611982 /* JSONModel+networking.m */ = {isa = PBXFileReference; fileEncoding = 4; lastKnownFileType = sourcecode.c.objc; path = "JSONModel+networking.m"; sourceTree = "<group>"; };
		3D928F0A1C48021800611982 /* JSONKeyMapper.h */ = {isa = PBXFileReference; fileEncoding = 4; lastKnownFileType = sourcecode.c.h; path = JSONKeyMapper.h; sourceTree = "<group>"; };
		3D928F0B1C48021800611982 /* JSONKeyMapper.m */ = {isa = PBXFileReference; fileEncoding = 4; lastKnownFileType = sourcecode.c.objc; path = JSONKeyMapper.m; sourceTree = "<group>"; };
		3D928F0C1C48021800611982 /* JSONValueTransformer.h */ = {isa = PBXFileReference; fileEncoding = 4; lastKnownFileType = sourcecode.c.h; path = JSONValueTransformer.h; sourceTree = "<group>"; };
		3D928F0D1C48021800611982 /* JSONValueTransformer.m */ = {isa = PBXFileReference; fileEncoding = 4; lastKnownFileType = sourcecode.c.objc; path = JSONValueTransformer.m; sourceTree = "<group>"; };
		3D928F191C48022700611982 /* SystemConfiguration.framework */ = {isa = PBXFileReference; lastKnownFileType = wrapper.framework; name = SystemConfiguration.framework; path = System/Library/Frameworks/SystemConfiguration.framework; sourceTree = SDKROOT; };
		3D928F1C1C4808AF00611982 /* CrearVenta.h */ = {isa = PBXFileReference; fileEncoding = 4; lastKnownFileType = sourcecode.c.h; path = CrearVenta.h; sourceTree = "<group>"; };
		3D928F1D1C4808AF00611982 /* CrearVenta.m */ = {isa = PBXFileReference; fileEncoding = 4; lastKnownFileType = sourcecode.c.objc; path = CrearVenta.m; sourceTree = "<group>"; };
		3DE37F921C9C523E00C28031 /* k-popup-dismiss-button@2x.png */ = {isa = PBXFileReference; lastKnownFileType = image.png; path = "k-popup-dismiss-button@2x.png"; sourceTree = "<group>"; };
		3DE37F931C9C523E00C28031 /* k-popup-dismiss-button@3x.png */ = {isa = PBXFileReference; lastKnownFileType = image.png; path = "k-popup-dismiss-button@3x.png"; sourceTree = "<group>"; };
		3DE37F951C9C523E00C28031 /* BIZPopupViewController.h */ = {isa = PBXFileReference; fileEncoding = 4; lastKnownFileType = sourcecode.c.h; path = BIZPopupViewController.h; sourceTree = "<group>"; };
		3DE37F961C9C523E00C28031 /* BIZPopupViewController.m */ = {isa = PBXFileReference; fileEncoding = 4; lastKnownFileType = sourcecode.c.objc; path = BIZPopupViewController.m; sourceTree = "<group>"; };
		3DE37F971C9C523E00C28031 /* BIZPopupViewControllerDelegate.h */ = {isa = PBXFileReference; fileEncoding = 4; lastKnownFileType = sourcecode.c.h; path = BIZPopupViewControllerDelegate.h; sourceTree = "<group>"; };
		3DE37F981C9C523E00C28031 /* UIViewController+BIZChildViewController.h */ = {isa = PBXFileReference; fileEncoding = 4; lastKnownFileType = sourcecode.c.h; path = "UIViewController+BIZChildViewController.h"; sourceTree = "<group>"; };
		3DE37F991C9C523E00C28031 /* UIViewController+BIZChildViewController.m */ = {isa = PBXFileReference; fileEncoding = 4; lastKnownFileType = sourcecode.c.objc; path = "UIViewController+BIZChildViewController.m"; sourceTree = "<group>"; };
		3DE37F9F1C9C526800C28031 /* TPKeyboardAvoidingCollectionView.h */ = {isa = PBXFileReference; fileEncoding = 4; lastKnownFileType = sourcecode.c.h; path = TPKeyboardAvoidingCollectionView.h; sourceTree = "<group>"; };
		3DE37FA01C9C526800C28031 /* TPKeyboardAvoidingCollectionView.m */ = {isa = PBXFileReference; fileEncoding = 4; lastKnownFileType = sourcecode.c.objc; path = TPKeyboardAvoidingCollectionView.m; sourceTree = "<group>"; };
		3DE37FA11C9C526800C28031 /* TPKeyboardAvoidingScrollView.h */ = {isa = PBXFileReference; fileEncoding = 4; lastKnownFileType = sourcecode.c.h; path = TPKeyboardAvoidingScrollView.h; sourceTree = "<group>"; };
		3DE37FA21C9C526800C28031 /* TPKeyboardAvoidingScrollView.m */ = {isa = PBXFileReference; fileEncoding = 4; lastKnownFileType = sourcecode.c.objc; path = TPKeyboardAvoidingScrollView.m; sourceTree = "<group>"; };
		3DE37FA31C9C526800C28031 /* TPKeyboardAvoidingTableView.h */ = {isa = PBXFileReference; fileEncoding = 4; lastKnownFileType = sourcecode.c.h; path = TPKeyboardAvoidingTableView.h; sourceTree = "<group>"; };
		3DE37FA41C9C526800C28031 /* TPKeyboardAvoidingTableView.m */ = {isa = PBXFileReference; fileEncoding = 4; lastKnownFileType = sourcecode.c.objc; path = TPKeyboardAvoidingTableView.m; sourceTree = "<group>"; };
		3DE37FA51C9C526800C28031 /* UIScrollView+TPKeyboardAvoidingAdditions.h */ = {isa = PBXFileReference; fileEncoding = 4; lastKnownFileType = sourcecode.c.h; path = "UIScrollView+TPKeyboardAvoidingAdditions.h"; sourceTree = "<group>"; };
		3DE37FA61C9C526800C28031 /* UIScrollView+TPKeyboardAvoidingAdditions.m */ = {isa = PBXFileReference; fileEncoding = 4; lastKnownFileType = sourcecode.c.objc; path = "UIScrollView+TPKeyboardAvoidingAdditions.m"; sourceTree = "<group>"; };
/* End PBXFileReference section */

/* Begin PBXFrameworksBuildPhase section */
		3D1157F61C456919009A232B /* Frameworks */ = {
			isa = PBXFrameworksBuildPhase;
			buildActionMask = 2147483647;
			files = (
				3D928F1A1C48022700611982 /* SystemConfiguration.framework in Frameworks */,
				3D1158141C45C073009A232B /* WebKit.framework in Frameworks */,
			);
			runOnlyForDeploymentPostprocessing = 0;
		};
/* End PBXFrameworksBuildPhase section */

/* Begin PBXGroup section */
		3D1157F01C456919009A232B = {
			isa = PBXGroup;
			children = (
				3D928F191C48022700611982 /* SystemConfiguration.framework */,
				3D928EF31C48021800611982 /* JSONModel */,
				3D1158131C45C073009A232B /* WebKit.framework */,
				3D1157FB1C456919009A232B /* Culqi-PruebaMovil */,
				3D1157FA1C456919009A232B /* Products */,
			);
			sourceTree = "<group>";
		};
		3D1157FA1C456919009A232B /* Products */ = {
			isa = PBXGroup;
			children = (
				3D1157F91C456919009A232B /* Culqi-PruebaMovil.app */,
			);
			name = Products;
			sourceTree = "<group>";
		};
		3D1157FB1C456919009A232B /* Culqi-PruebaMovil */ = {
			isa = PBXGroup;
			children = (
				3DE37F9E1C9C526800C28031 /* TPKeyboardAvoiding */,
				3DE37F911C9C523E00C28031 /* Resources */,
				3DE37F941C9C523E00C28031 /* Classes */,
				3D928F1C1C4808AF00611982 /* CrearVenta.h */,
				3D928F1D1C4808AF00611982 /* CrearVenta.m */,
				3D1157FF1C456919009A232B /* AppDelegate.h */,
				3D1158001C456919009A232B /* AppDelegate.m */,
				3D1158021C456919009A232B /* ViewController.h */,
				3D1158031C456919009A232B /* ViewController.m */,
				3D1158051C456919009A232B /* Main.storyboard */,
				3D1158081C456919009A232B /* Assets.xcassets */,
				3D11580A1C456919009A232B /* LaunchScreen.storyboard */,
				3D11580D1C456919009A232B /* Info.plist */,
				3D1157FC1C456919009A232B /* Supporting Files */,
			);
			path = "Culqi-PruebaMovil";
			sourceTree = "<group>";
		};
		3D1157FC1C456919009A232B /* Supporting Files */ = {
			isa = PBXGroup;
			children = (
				3D1157FD1C456919009A232B /* main.m */,
			);
			name = "Supporting Files";
			sourceTree = "<group>";
		};
		3D928EF31C48021800611982 /* JSONModel */ = {
			isa = PBXGroup;
			children = (
				3D928EF41C48021800611982 /* Info.plist */,
				3D928EF51C48021800611982 /* JSONModel */,
				3D928EFE1C48021800611982 /* JSONModelCategories */,
				3D928F011C48021800611982 /* JSONModelLib.h */,
				3D928F021C48021800611982 /* JSONModelNetworking */,
				3D928F091C48021800611982 /* JSONModelTransformations */,
			);
			path = JSONModel;
			sourceTree = "<group>";
		};
		3D928EF51C48021800611982 /* JSONModel */ = {
			isa = PBXGroup;
			children = (
				3D928EF61C48021800611982 /* JSONModel.h */,
				3D928EF71C48021800611982 /* JSONModel.m */,
				3D928EF81C48021800611982 /* JSONModelArray.h */,
				3D928EF91C48021800611982 /* JSONModelArray.m */,
				3D928EFA1C48021800611982 /* JSONModelClassProperty.h */,
				3D928EFB1C48021800611982 /* JSONModelClassProperty.m */,
				3D928EFC1C48021800611982 /* JSONModelError.h */,
				3D928EFD1C48021800611982 /* JSONModelError.m */,
			);
			path = JSONModel;
			sourceTree = "<group>";
		};
		3D928EFE1C48021800611982 /* JSONModelCategories */ = {
			isa = PBXGroup;
			children = (
				3D928EFF1C48021800611982 /* NSArray+JSONModel.h */,
				3D928F001C48021800611982 /* NSArray+JSONModel.m */,
			);
			path = JSONModelCategories;
			sourceTree = "<group>";
		};
		3D928F021C48021800611982 /* JSONModelNetworking */ = {
			isa = PBXGroup;
			children = (
				3D928F031C48021800611982 /* JSONAPI.h */,
				3D928F041C48021800611982 /* JSONAPI.m */,
				3D928F051C48021800611982 /* JSONHTTPClient.h */,
				3D928F061C48021800611982 /* JSONHTTPClient.m */,
				3D928F071C48021800611982 /* JSONModel+networking.h */,
				3D928F081C48021800611982 /* JSONModel+networking.m */,
			);
			path = JSONModelNetworking;
			sourceTree = "<group>";
		};
		3D928F091C48021800611982 /* JSONModelTransformations */ = {
			isa = PBXGroup;
			children = (
				3D928F0A1C48021800611982 /* JSONKeyMapper.h */,
				3D928F0B1C48021800611982 /* JSONKeyMapper.m */,
				3D928F0C1C48021800611982 /* JSONValueTransformer.h */,
				3D928F0D1C48021800611982 /* JSONValueTransformer.m */,
			);
			path = JSONModelTransformations;
			sourceTree = "<group>";
		};
		3DE37F911C9C523E00C28031 /* Resources */ = {
			isa = PBXGroup;
			children = (
				3DE37F921C9C523E00C28031 /* k-popup-dismiss-button@2x.png */,
				3DE37F931C9C523E00C28031 /* k-popup-dismiss-button@3x.png */,
			);
			path = Resources;
			sourceTree = "<group>";
		};
		3DE37F941C9C523E00C28031 /* Classes */ = {
			isa = PBXGroup;
			children = (
				3DE37F951C9C523E00C28031 /* BIZPopupViewController.h */,
				3DE37F961C9C523E00C28031 /* BIZPopupViewController.m */,
				3DE37F971C9C523E00C28031 /* BIZPopupViewControllerDelegate.h */,
				3DE37F981C9C523E00C28031 /* UIViewController+BIZChildViewController.h */,
				3DE37F991C9C523E00C28031 /* UIViewController+BIZChildViewController.m */,
			);
			path = Classes;
			sourceTree = "<group>";
		};
		3DE37F9E1C9C526800C28031 /* TPKeyboardAvoiding */ = {
			isa = PBXGroup;
			children = (
				3DE37F9F1C9C526800C28031 /* TPKeyboardAvoidingCollectionView.h */,
				3DE37FA01C9C526800C28031 /* TPKeyboardAvoidingCollectionView.m */,
				3DE37FA11C9C526800C28031 /* TPKeyboardAvoidingScrollView.h */,
				3DE37FA21C9C526800C28031 /* TPKeyboardAvoidingScrollView.m */,
				3DE37FA31C9C526800C28031 /* TPKeyboardAvoidingTableView.h */,
				3DE37FA41C9C526800C28031 /* TPKeyboardAvoidingTableView.m */,
				3DE37FA51C9C526800C28031 /* UIScrollView+TPKeyboardAvoidingAdditions.h */,
				3DE37FA61C9C526800C28031 /* UIScrollView+TPKeyboardAvoidingAdditions.m */,
			);
			path = TPKeyboardAvoiding;
			sourceTree = "<group>";
		};
/* End PBXGroup section */

/* Begin PBXNativeTarget section */
		3D1157F81C456919009A232B /* Culqi-PruebaMovil */ = {
			isa = PBXNativeTarget;
			buildConfigurationList = 3D1158101C456919009A232B /* Build configuration list for PBXNativeTarget "Culqi-PruebaMovil" */;
			buildPhases = (
				3D1157F51C456919009A232B /* Sources */,
				3D1157F61C456919009A232B /* Frameworks */,
				3D1157F71C456919009A232B /* Resources */,
			);
			buildRules = (
			);
			dependencies = (
			);
			name = "Culqi-PruebaMovil";
			productName = "Culqi-PruebaMovil";
			productReference = 3D1157F91C456919009A232B /* Culqi-PruebaMovil.app */;
			productType = "com.apple.product-type.application";
		};
/* End PBXNativeTarget section */

/* Begin PBXProject section */
		3D1157F11C456919009A232B /* Project object */ = {
			isa = PBXProject;
			attributes = {
				LastUpgradeCheck = 0720;
				ORGANIZATIONNAME = Culqi;
				TargetAttributes = {
					3D1157F81C456919009A232B = {
						CreatedOnToolsVersion = 7.2;
					};
				};
			};
			buildConfigurationList = 3D1157F41C456919009A232B /* Build configuration list for PBXProject "Culqi-PruebaMovil" */;
			compatibilityVersion = "Xcode 3.2";
			developmentRegion = English;
			hasScannedForEncodings = 0;
			knownRegions = (
				en,
				Base,
			);
			mainGroup = 3D1157F01C456919009A232B;
			productRefGroup = 3D1157FA1C456919009A232B /* Products */;
			projectDirPath = "";
			projectRoot = "";
			targets = (
				3D1157F81C456919009A232B /* Culqi-PruebaMovil */,
			);
		};
/* End PBXProject section */

/* Begin PBXResourcesBuildPhase section */
		3D1157F71C456919009A232B /* Resources */ = {
			isa = PBXResourcesBuildPhase;
			buildActionMask = 2147483647;
			files = (
				3D928F0E1C48021800611982 /* Info.plist in Resources */,
				3D11580C1C456919009A232B /* LaunchScreen.storyboard in Resources */,
				3D1158091C456919009A232B /* Assets.xcassets in Resources */,
				3DE37F9A1C9C523E00C28031 /* k-popup-dismiss-button@2x.png in Resources */,
				3D1158071C456919009A232B /* Main.storyboard in Resources */,
				3DE37F9B1C9C523E00C28031 /* k-popup-dismiss-button@3x.png in Resources */,
			);
			runOnlyForDeploymentPostprocessing = 0;
		};
/* End PBXResourcesBuildPhase section */

/* Begin PBXSourcesBuildPhase section */
		3D1157F51C456919009A232B /* Sources */ = {
			isa = PBXSourcesBuildPhase;
			buildActionMask = 2147483647;
			files = (
				3D928F121C48021800611982 /* JSONModelError.m in Sources */,
				3DE37FA71C9C526800C28031 /* TPKeyboardAvoidingCollectionView.m in Sources */,
				3D928F131C48021800611982 /* NSArray+JSONModel.m in Sources */,
				3D928F111C48021800611982 /* JSONModelClassProperty.m in Sources */,
				3D1158041C456919009A232B /* ViewController.m in Sources */,
				3DE37F9D1C9C523E00C28031 /* UIViewController+BIZChildViewController.m in Sources */,
				3D928F1E1C4808AF00611982 /* CrearVenta.m in Sources */,
				3D928F171C48021800611982 /* JSONKeyMapper.m in Sources */,
				3D1158011C456919009A232B /* AppDelegate.m in Sources */,
				3DE37FAA1C9C526800C28031 /* UIScrollView+TPKeyboardAvoidingAdditions.m in Sources */,
				3D928F101C48021800611982 /* JSONModelArray.m in Sources */,
				3D928F161C48021800611982 /* JSONModel+networking.m in Sources */,
				3D1157FE1C456919009A232B /* main.m in Sources */,
				3DE37FA91C9C526800C28031 /* TPKeyboardAvoidingTableView.m in Sources */,
				3D928F141C48021800611982 /* JSONAPI.m in Sources */,
				3DE37F9C1C9C523E00C28031 /* BIZPopupViewController.m in Sources */,
				3D928F181C48021800611982 /* JSONValueTransformer.m in Sources */,
				3DE37FA81C9C526800C28031 /* TPKeyboardAvoidingScrollView.m in Sources */,
				3D928F151C48021800611982 /* JSONHTTPClient.m in Sources */,
				3D928F0F1C48021800611982 /* JSONModel.m in Sources */,
			);
			runOnlyForDeploymentPostprocessing = 0;
		};
/* End PBXSourcesBuildPhase section */

/* Begin PBXVariantGroup section */
		3D1158051C456919009A232B /* Main.storyboard */ = {
			isa = PBXVariantGroup;
			children = (
				3D1158061C456919009A232B /* Base */,
			);
			name = Main.storyboard;
			sourceTree = "<group>";
		};
		3D11580A1C456919009A232B /* LaunchScreen.storyboard */ = {
			isa = PBXVariantGroup;
			children = (
				3D11580B1C456919009A232B /* Base */,
			);
			name = LaunchScreen.storyboard;
			sourceTree = "<group>";
		};
/* End PBXVariantGroup section */

/* Begin XCBuildConfiguration section */
		3D11580E1C456919009A232B /* Debug */ = {
			isa = XCBuildConfiguration;
			buildSettings = {
				ALWAYS_SEARCH_USER_PATHS = NO;
				CLANG_CXX_LANGUAGE_STANDARD = "gnu++0x";
				CLANG_CXX_LIBRARY = "libc++";
				CLANG_ENABLE_MODULES = YES;
				CLANG_ENABLE_OBJC_ARC = YES;
				CLANG_WARN_BOOL_CONVERSION = YES;
				CLANG_WARN_CONSTANT_CONVERSION = YES;
				CLANG_WARN_DIRECT_OBJC_ISA_USAGE = YES_ERROR;
				CLANG_WARN_EMPTY_BODY = YES;
				CLANG_WARN_ENUM_CONVERSION = YES;
				CLANG_WARN_INT_CONVERSION = YES;
				CLANG_WARN_OBJC_ROOT_CLASS = YES_ERROR;
				CLANG_WARN_UNREACHABLE_CODE = YES;
				CLANG_WARN__DUPLICATE_METHOD_MATCH = YES;
				"CODE_SIGN_IDENTITY[sdk=iphoneos*]" = "iPhone Developer";
				COPY_PHASE_STRIP = NO;
				DEBUG_INFORMATION_FORMAT = dwarf;
				ENABLE_STRICT_OBJC_MSGSEND = YES;
				ENABLE_TESTABILITY = YES;
				GCC_C_LANGUAGE_STANDARD = gnu99;
				GCC_DYNAMIC_NO_PIC = NO;
				GCC_NO_COMMON_BLOCKS = YES;
				GCC_OPTIMIZATION_LEVEL = 0;
				GCC_PREPROCESSOR_DEFINITIONS = (
					"DEBUG=1",
					"$(inherited)",
				);
				GCC_WARN_64_TO_32_BIT_CONVERSION = YES;
				GCC_WARN_ABOUT_RETURN_TYPE = YES_ERROR;
				GCC_WARN_UNDECLARED_SELECTOR = YES;
				GCC_WARN_UNINITIALIZED_AUTOS = YES_AGGRESSIVE;
				GCC_WARN_UNUSED_FUNCTION = YES;
				GCC_WARN_UNUSED_VARIABLE = YES;
				IPHONEOS_DEPLOYMENT_TARGET = 7.0;
				MTL_ENABLE_DEBUG_INFO = YES;
				ONLY_ACTIVE_ARCH = YES;
				SDKROOT = iphoneos;
				TARGETED_DEVICE_FAMILY = "1,2";
			};
			name = Debug;
		};
		3D11580F1C456919009A232B /* Release */ = {
			isa = XCBuildConfiguration;
			buildSettings = {
				ALWAYS_SEARCH_USER_PATHS = NO;
				CLANG_CXX_LANGUAGE_STANDARD = "gnu++0x";
				CLANG_CXX_LIBRARY = "libc++";
				CLANG_ENABLE_MODULES = YES;
				CLANG_ENABLE_OBJC_ARC = YES;
				CLANG_WARN_BOOL_CONVERSION = YES;
				CLANG_WARN_CONSTANT_CONVERSION = YES;
				CLANG_WARN_DIRECT_OBJC_ISA_USAGE = YES_ERROR;
				CLANG_WARN_EMPTY_BODY = YES;
				CLANG_WARN_ENUM_CONVERSION = YES;
				CLANG_WARN_INT_CONVERSION = YES;
				CLANG_WARN_OBJC_ROOT_CLASS = YES_ERROR;
				CLANG_WARN_UNREACHABLE_CODE = YES;
				CLANG_WARN__DUPLICATE_METHOD_MATCH = YES;
				"CODE_SIGN_IDENTITY[sdk=iphoneos*]" = "iPhone Developer";
				COPY_PHASE_STRIP = NO;
				DEBUG_INFORMATION_FORMAT = "dwarf-with-dsym";
				ENABLE_NS_ASSERTIONS = NO;
				ENABLE_STRICT_OBJC_MSGSEND = YES;
				GCC_C_LANGUAGE_STANDARD = gnu99;
				GCC_NO_COMMON_BLOCKS = YES;
				GCC_WARN_64_TO_32_BIT_CONVERSION = YES;
				GCC_WARN_ABOUT_RETURN_TYPE = YES_ERROR;
				GCC_WARN_UNDECLARED_SELECTOR = YES;
				GCC_WARN_UNINITIALIZED_AUTOS = YES_AGGRESSIVE;
				GCC_WARN_UNUSED_FUNCTION = YES;
				GCC_WARN_UNUSED_VARIABLE = YES;
				IPHONEOS_DEPLOYMENT_TARGET = 7.0;
				MTL_ENABLE_DEBUG_INFO = NO;
				SDKROOT = iphoneos;
				TARGETED_DEVICE_FAMILY = "1,2";
				VALIDATE_PRODUCT = YES;
			};
			name = Release;
		};
		3D1158111C456919009A232B /* Debug */ = {
			isa = XCBuildConfiguration;
			buildSettings = {
				ASSETCATALOG_COMPILER_APPICON_NAME = AppIcon;
				INFOPLIST_FILE = "Culqi-PruebaMovil/Info.plist";
				IPHONEOS_DEPLOYMENT_TARGET = 7.0;
				LD_RUNPATH_SEARCH_PATHS = "$(inherited) @executable_path/Frameworks";
				PRODUCT_BUNDLE_IDENTIFIER = "Culqi.Culqi-PruebaMovil";
				PRODUCT_NAME = "$(TARGET_NAME)";
				TARGETED_DEVICE_FAMILY = "1,2";
			};
			name = Debug;
		};
		3D1158121C456919009A232B /* Release */ = {
			isa = XCBuildConfiguration;
			buildSettings = {
				ASSETCATALOG_COMPILER_APPICON_NAME = AppIcon;
				INFOPLIST_FILE = "Culqi-PruebaMovil/Info.plist";
				IPHONEOS_DEPLOYMENT_TARGET = 7.0;
				LD_RUNPATH_SEARCH_PATHS = "$(inherited) @executable_path/Frameworks";
				PRODUCT_BUNDLE_IDENTIFIER = "Culqi.Culqi-PruebaMovil";
				PRODUCT_NAME = "$(TARGET_NAME)";
				TARGETED_DEVICE_FAMILY = "1,2";
			};
			name = Release;
		};
/* End XCBuildConfiguration section */

/* Begin XCConfigurationList section */
		3D1157F41C456919009A232B /* Build configuration list for PBXProject "Culqi-PruebaMovil" */ = {
			isa = XCConfigurationList;
			buildConfigurations = (
				3D11580E1C456919009A232B /* Debug */,
				3D11580F1C456919009A232B /* Release */,
			);
			defaultConfigurationIsVisible = 0;
			defaultConfigurationName = Release;
		};
		3D1158101C456919009A232B /* Build configuration list for PBXNativeTarget "Culqi-PruebaMovil" */ = {
			isa = XCConfigurationList;
			buildConfigurations = (
				3D1158111C456919009A232B /* Debug */,
				3D1158121C456919009A232B /* Release */,
			);
			defaultConfigurationIsVisible = 0;
			defaultConfigurationName = Release;
		};
/* End XCConfigurationList section */
	};
	rootObject = 3D1157F11C456919009A232B /* Project object */;
}
